// !$*UTF8*$!
{
	archiveVersion = 1;
	classes = {
	};
	objectVersion = 56;
	objects = {

/* Begin PBXBuildFile section */
		4F86B4EB2B2DD3E600032658 /* MPVKit in Frameworks */ = {isa = PBXBuildFile; productRef = 4F86B4EA2B2DD3E600032658 /* MPVKit */; };
		4F86B4EF2B2DDA4100032658 /* MPVKit in Frameworks */ = {isa = PBXBuildFile; productRef = 4F86B4EE2B2DDA4100032658 /* MPVKit */; };
		4F06458F2B2DB84E004A8228 /* PlayerModel.swift in Sources */ = {isa = PBXBuildFile; fileRef = 4F06458E2B2DB84E004A8228 /* PlayerModel.swift */; };
		4F11234E2B2AD19E0085A8B5 /* PlayerLayerView.swift in Sources */ = {isa = PBXBuildFile; fileRef = 4F1122F42B2AD19C0085A8B5 /* PlayerLayerView.swift */; };
		4F11234F2B2AD19E0085A8B5 /* Constants.swift in Sources */ = {isa = PBXBuildFile; fileRef = 4F1122F52B2AD19C0085A8B5 /* Constants.swift */; };
		4F1123502B2AD19E0085A8B5 /* EnvironmentValues.swift in Sources */ = {isa = PBXBuildFile; fileRef = 4F1122F62B2AD19C0085A8B5 /* EnvironmentValues.swift */; };
		4F1123522B2AD19E0085A8B5 /* PlayerTVMenu.swift in Sources */ = {isa = PBXBuildFile; fileRef = 4F1122F92B2AD19C0085A8B5 /* PlayerTVMenu.swift */; };
		4F1123532B2AD19E0085A8B5 /* PlayerQueue.swift in Sources */ = {isa = PBXBuildFile; fileRef = 4F1122FA2B2AD19C0085A8B5 /* PlayerQueue.swift */; };
		4F1123542B2AD19E0085A8B5 /* NavigationModel.swift in Sources */ = {isa = PBXBuildFile; fileRef = 4F1122FB2B2AD19C0085A8B5 /* NavigationModel.swift */; };
		4F1123552B2AD19F0085A8B5 /* NetworkStateModel.swift in Sources */ = {isa = PBXBuildFile; fileRef = 4F1122FC2B2AD19C0085A8B5 /* NetworkStateModel.swift */; };
		4F1123562B2AD19F0085A8B5 /* Stream.swift in Sources */ = {isa = PBXBuildFile; fileRef = 4F1122FD2B2AD19C0085A8B5 /* Stream.swift */; };
		4F1123572B2AD19F0085A8B5 /* ControlsOverlayModel.swift in Sources */ = {isa = PBXBuildFile; fileRef = 4F1122FE2B2AD19C0085A8B5 /* ControlsOverlayModel.swift */; };
		4F1123582B2AD19F0085A8B5 /* Thumbnail.swift in Sources */ = {isa = PBXBuildFile; fileRef = 4F1122FF2B2AD19C0085A8B5 /* Thumbnail.swift */; };
		4F11235F2B2AD19F0085A8B5 /* PlayerTimeModel.swift in Sources */ = {isa = PBXBuildFile; fileRef = 4F1123072B2AD19C0085A8B5 /* PlayerTimeModel.swift */; };
		4F1123602B2AD19F0085A8B5 /* SeekModel.swift in Sources */ = {isa = PBXBuildFile; fileRef = 4F1123082B2AD19C0085A8B5 /* SeekModel.swift */; };
		4F1123612B2AD19F0085A8B5 /* PlayerControlsModel.swift in Sources */ = {isa = PBXBuildFile; fileRef = 4F1123092B2AD19C0085A8B5 /* PlayerControlsModel.swift */; };
		4F1123622B2AD19F0085A8B5 /* PlayerQueueItem.swift in Sources */ = {isa = PBXBuildFile; fileRef = 4F11230A2B2AD19C0085A8B5 /* PlayerQueueItem.swift */; };
		4F1123632B2AD19F0085A8B5 /* PiPDelegate.swift in Sources */ = {isa = PBXBuildFile; fileRef = 4F11230B2B2AD19C0085A8B5 /* PiPDelegate.swift */; };
		4F1123642B2AD19F0085A8B5 /* ThumbnailsModel.swift in Sources */ = {isa = PBXBuildFile; fileRef = 4F11230C2B2AD19C0085A8B5 /* ThumbnailsModel.swift */; };
		4F1123652B2AD19F0085A8B5 /* DocumentsModel.swift in Sources */ = {isa = PBXBuildFile; fileRef = 4F11230D2B2AD19C0085A8B5 /* DocumentsModel.swift */; };
		4F1123662B2AD19F0085A8B5 /* Video.swift in Sources */ = {isa = PBXBuildFile; fileRef = 4F11230E2B2AD19C0085A8B5 /* Video.swift */; };
		4F1123672B2AD19F0085A8B5 /* PlayerQueueItemBridge.swift in Sources */ = {isa = PBXBuildFile; fileRef = 4F11230F2B2AD19C0085A8B5 /* PlayerQueueItemBridge.swift */; };
		4F1123682B2AD19F0085A8B5 /* Captions.swift in Sources */ = {isa = PBXBuildFile; fileRef = 4F1123102B2AD19C0085A8B5 /* Captions.swift */; };
		4F1123692B2AD19F0085A8B5 /* PersistenceController.swift in Sources */ = {isa = PBXBuildFile; fileRef = 4F1123112B2AD19C0085A8B5 /* PersistenceController.swift */; };
		4F11236A2B2AD19F0085A8B5 /* SafeAreaModel.swift in Sources */ = {isa = PBXBuildFile; fileRef = 4F1123122B2AD19C0085A8B5 /* SafeAreaModel.swift */; };
		4F11236C2B2AD19F0085A8B5 /* ScreenSaverManager.swift in Sources */ = {isa = PBXBuildFile; fileRef = 4F1123152B2AD19D0085A8B5 /* ScreenSaverManager.swift */; };
		4F11236D2B2AD19F0085A8B5 /* MacOSPiPDelegate.swift in Sources */ = {isa = PBXBuildFile; fileRef = 4F1123162B2AD19D0085A8B5 /* MacOSPiPDelegate.swift */; };
		4F11236E2B2AD19F0085A8B5 /* VideoLayer.swift in Sources */ = {isa = PBXBuildFile; fileRef = 4F1123172B2AD19D0085A8B5 /* VideoLayer.swift */; };
		4F11236F2B2AD19F0085A8B5 /* Windows.swift in Sources */ = {isa = PBXBuildFile; fileRef = 4F1123182B2AD19D0085A8B5 /* Windows.swift */; };
		4F1123702B2AD19F0085A8B5 /* ControlsBar.swift in Sources */ = {isa = PBXBuildFile; fileRef = 4F1123192B2AD19D0085A8B5 /* ControlsBar.swift */; };
		4F1123722B2AD19F0085A8B5 /* PlayerControls.swift in Sources */ = {isa = PBXBuildFile; fileRef = 4F11231C2B2AD19D0085A8B5 /* PlayerControls.swift */; };
		4F1123732B2AD19F0085A8B5 /* ControlsOverlay.swift in Sources */ = {isa = PBXBuildFile; fileRef = 4F11231D2B2AD19D0085A8B5 /* ControlsOverlay.swift */; };
		4F1123742B2AD19F0085A8B5 /* PlayerControlsLayout.swift in Sources */ = {isa = PBXBuildFile; fileRef = 4F11231E2B2AD19D0085A8B5 /* PlayerControlsLayout.swift */; };
		4F1123752B2AD19F0085A8B5 /* Seek.swift in Sources */ = {isa = PBXBuildFile; fileRef = 4F1123202B2AD19D0085A8B5 /* Seek.swift */; };
		4F1123762B2AD19F0085A8B5 /* Buffering.swift in Sources */ = {isa = PBXBuildFile; fileRef = 4F1123212B2AD19D0085A8B5 /* Buffering.swift */; };
		4F1123772B2AD19F0085A8B5 /* NetworkState.swift in Sources */ = {isa = PBXBuildFile; fileRef = 4F1123222B2AD19D0085A8B5 /* NetworkState.swift */; };
		4F1123782B2AD19F0085A8B5 /* ControlBackgroundModifier.swift in Sources */ = {isa = PBXBuildFile; fileRef = 4F1123232B2AD19D0085A8B5 /* ControlBackgroundModifier.swift */; };
		4F1123792B2AD19F0085A8B5 /* PlaybackStatsView.swift in Sources */ = {isa = PBXBuildFile; fileRef = 4F1123242B2AD19D0085A8B5 /* PlaybackStatsView.swift */; };
		4F11237A2B2AD19F0085A8B5 /* ProgressBar.swift in Sources */ = {isa = PBXBuildFile; fileRef = 4F1123252B2AD19D0085A8B5 /* ProgressBar.swift */; };
		4F11237B2B2AD19F0085A8B5 /* VideoDetailsOverlay.swift in Sources */ = {isa = PBXBuildFile; fileRef = 4F1123262B2AD19D0085A8B5 /* VideoDetailsOverlay.swift */; };
		4F11237C2B2AD19F0085A8B5 /* SeekType.swift in Sources */ = {isa = PBXBuildFile; fileRef = 4F1123272B2AD19D0085A8B5 /* SeekType.swift */; };
		4F11237E2B2AD19F0085A8B5 /* OrientationModel.swift in Sources */ = {isa = PBXBuildFile; fileRef = 4F11232B2B2AD19D0085A8B5 /* OrientationModel.swift */; };
		4F11237F2B2AD19F0085A8B5 /* OrientationTracker.swift in Sources */ = {isa = PBXBuildFile; fileRef = 4F11232C2B2AD19D0085A8B5 /* OrientationTracker.swift */; };
		4F1123802B2AD19F0085A8B5 /* Orientation.swift in Sources */ = {isa = PBXBuildFile; fileRef = 4F11232D2B2AD19D0085A8B5 /* Orientation.swift */; };
		4F1123812B2AD19F0085A8B5 /* ShareSheet.swift in Sources */ = {isa = PBXBuildFile; fileRef = 4F11232E2B2AD19D0085A8B5 /* ShareSheet.swift */; };
		4F1123822B2AD19F0085A8B5 /* Delay.swift in Sources */ = {isa = PBXBuildFile; fileRef = 4F11232F2B2AD19D0085A8B5 /* Delay.swift */; };
		4F1123832B2AD19F0085A8B5 /* PlayerDragGesture.swift in Sources */ = {isa = PBXBuildFile; fileRef = 4F1123302B2AD19D0085A8B5 /* PlayerDragGesture.swift */; };
		4F1123852B2AD19F0085A8B5 /* PlayerGestures.swift in Sources */ = {isa = PBXBuildFile; fileRef = 4F1123322B2AD19E0085A8B5 /* PlayerGestures.swift */; };
		4F1123872B2AD19F0085A8B5 /* Defaults.swift in Sources */ = {isa = PBXBuildFile; fileRef = 4F1123342B2AD19E0085A8B5 /* Defaults.swift */; };
		4F1123882B2AD19F0085A8B5 /* PlayerBackendView.swift in Sources */ = {isa = PBXBuildFile; fileRef = 4F1123352B2AD19E0085A8B5 /* PlayerBackendView.swift */; };
		4F1123892B2AD19F0085A8B5 /* View+Fixtures.swift in Sources */ = {isa = PBXBuildFile; fileRef = 4F1123372B2AD19E0085A8B5 /* View+Fixtures.swift */; };
		4F11238A2B2AD19F0085A8B5 /* ToolbarColorScheme+Backport.swift in Sources */ = {isa = PBXBuildFile; fileRef = 4F1123392B2AD19E0085A8B5 /* ToolbarColorScheme+Backport.swift */; };
		4F11238B2B2AD19F0085A8B5 /* VisualEffectBlur-macOS.swift in Sources */ = {isa = PBXBuildFile; fileRef = 4F11233A2B2AD19E0085A8B5 /* VisualEffectBlur-macOS.swift */; };
		4F11238C2B2AD19F0085A8B5 /* ToolbarBackground+Backport.swift in Sources */ = {isa = PBXBuildFile; fileRef = 4F11233B2B2AD19E0085A8B5 /* ToolbarBackground+Backport.swift */; };
		4F11238D2B2AD19F0085A8B5 /* VisualEffectBlur-iOS.swift in Sources */ = {isa = PBXBuildFile; fileRef = 4F11233C2B2AD19E0085A8B5 /* VisualEffectBlur-iOS.swift */; };
		4F11238E2B2AD19F0085A8B5 /* Backport.swift in Sources */ = {isa = PBXBuildFile; fileRef = 4F11233D2B2AD19E0085A8B5 /* Backport.swift */; };
		4F11238F2B2AD19F0085A8B5 /* PersistentSystemOverlays+Backport.swift in Sources */ = {isa = PBXBuildFile; fileRef = 4F11233E2B2AD19E0085A8B5 /* PersistentSystemOverlays+Backport.swift */; };
		4F1123902B2AD19F0085A8B5 /* AnimationCompletionObserverModifier.swift in Sources */ = {isa = PBXBuildFile; fileRef = 4F1123402B2AD19E0085A8B5 /* AnimationCompletionObserverModifier.swift */; };
		4F1123912B2AD19F0085A8B5 /* RedrawOnModifier.swift in Sources */ = {isa = PBXBuildFile; fileRef = 4F1123412B2AD19E0085A8B5 /* RedrawOnModifier.swift */; };
		4F1123922B2AD19F0085A8B5 /* PlayerOverlayModifier.swift in Sources */ = {isa = PBXBuildFile; fileRef = 4F1123422B2AD19E0085A8B5 /* PlayerOverlayModifier.swift */; };
		4F1123932B2AD19F0085A8B5 /* TapRecognizerViewModifier.swift in Sources */ = {isa = PBXBuildFile; fileRef = 4F1123432B2AD19E0085A8B5 /* TapRecognizerViewModifier.swift */; };
		4F1123942B2AD19F0085A8B5 /* Throttle.swift in Sources */ = {isa = PBXBuildFile; fileRef = 4F1123442B2AD19E0085A8B5 /* Throttle.swift */; };
		4F1123952B2AD19F0085A8B5 /* View.swift in Sources */ = {isa = PBXBuildFile; fileRef = 4F1123462B2AD19E0085A8B5 /* View.swift */; };
		4F1123962B2AD19F0085A8B5 /* String+Localizable.swift in Sources */ = {isa = PBXBuildFile; fileRef = 4F1123472B2AD19E0085A8B5 /* String+Localizable.swift */; };
		4F1123972B2AD19F0085A8B5 /* UIViewController+HideHomeIndicator.swift in Sources */ = {isa = PBXBuildFile; fileRef = 4F1123482B2AD19E0085A8B5 /* UIViewController+HideHomeIndicator.swift */; };
		4F1123982B2AD19F0085A8B5 /* AVPlayerViewController+FullScreen.swift in Sources */ = {isa = PBXBuildFile; fileRef = 4F1123492B2AD19E0085A8B5 /* AVPlayerViewController+FullScreen.swift */; };
		4F1123992B2AD19F0085A8B5 /* CaseIterable+Next.swift in Sources */ = {isa = PBXBuildFile; fileRef = 4F11234A2B2AD19E0085A8B5 /* CaseIterable+Next.swift */; };
		4F11239A2B2AD19F0085A8B5 /* Int.swift in Sources */ = {isa = PBXBuildFile; fileRef = 4F11234B2B2AD19E0085A8B5 /* Int.swift */; };
		4F11239B2B2AD19F0085A8B5 /* CMTime+DefaultTimescale.swift in Sources */ = {isa = PBXBuildFile; fileRef = 4F11234C2B2AD19E0085A8B5 /* CMTime+DefaultTimescale.swift */; };
		4F11239C2B2AD19F0085A8B5 /* Double+Format.swift in Sources */ = {isa = PBXBuildFile; fileRef = 4F11234D2B2AD19E0085A8B5 /* Double+Format.swift */; };
		4FC3ADCA2AFE4A6A00D71370 /* MPVKitExampleApp.swift in Sources */ = {isa = PBXBuildFile; fileRef = 4FC3ADC92AFE4A6A00D71370 /* MPVKitExampleApp.swift */; };
		4FC3ADCC2AFE4A6A00D71370 /* ContentView.swift in Sources */ = {isa = PBXBuildFile; fileRef = 4FC3ADCB2AFE4A6A00D71370 /* ContentView.swift */; };
		4FC3ADCE2AFE4A6C00D71370 /* Assets.xcassets in Resources */ = {isa = PBXBuildFile; fileRef = 4FC3ADCD2AFE4A6C00D71370 /* Assets.xcassets */; };
		4FC3ADD22AFE4A6C00D71370 /* Preview Assets.xcassets in Resources */ = {isa = PBXBuildFile; fileRef = 4FC3ADD12AFE4A6C00D71370 /* Preview Assets.xcassets */; };
		4FC3ADDC2AFE4A6C00D71370 /* MPVKitExampleTests.swift in Sources */ = {isa = PBXBuildFile; fileRef = 4FC3ADDB2AFE4A6C00D71370 /* MPVKitExampleTests.swift */; };
		4FC3ADE62AFE4A6C00D71370 /* MPVKitExampleUITests.swift in Sources */ = {isa = PBXBuildFile; fileRef = 4FC3ADE52AFE4A6C00D71370 /* MPVKitExampleUITests.swift */; };
		4FC3ADE82AFE4A6C00D71370 /* MPVKitExampleUITestsLaunchTests.swift in Sources */ = {isa = PBXBuildFile; fileRef = 4FC3ADE72AFE4A6C00D71370 /* MPVKitExampleUITestsLaunchTests.swift */; };
		4FC3ADF62AFE4AFC00D71370 /* MPVKit in Frameworks */ = {isa = PBXBuildFile; productRef = 4FC3ADF52AFE4AFC00D71370 /* MPVKit */; };
/* End PBXBuildFile section */

/* Begin PBXContainerItemProxy section */
		4FC3ADD82AFE4A6C00D71370 /* PBXContainerItemProxy */ = {
			isa = PBXContainerItemProxy;
			containerPortal = 4FC3ADBE2AFE4A6A00D71370 /* Project object */;
			proxyType = 1;
			remoteGlobalIDString = 4FC3ADC52AFE4A6A00D71370;
			remoteInfo = MPVKitExample;
		};
		4FC3ADE22AFE4A6C00D71370 /* PBXContainerItemProxy */ = {
			isa = PBXContainerItemProxy;
			containerPortal = 4FC3ADBE2AFE4A6A00D71370 /* Project object */;
			proxyType = 1;
			remoteGlobalIDString = 4FC3ADC52AFE4A6A00D71370;
			remoteInfo = MPVKitExample;
		};
/* End PBXContainerItemProxy section */

/* Begin PBXFileReference section */
		4F06458E2B2DB84E004A8228 /* PlayerModel.swift */ = {isa = PBXFileReference; fileEncoding = 4; lastKnownFileType = sourcecode.swift; path = PlayerModel.swift; sourceTree = "<group>"; };
		4F1122F42B2AD19C0085A8B5 /* PlayerLayerView.swift */ = {isa = PBXFileReference; fileEncoding = 4; lastKnownFileType = sourcecode.swift; path = PlayerLayerView.swift; sourceTree = "<group>"; };
		4F1122F52B2AD19C0085A8B5 /* Constants.swift */ = {isa = PBXFileReference; fileEncoding = 4; lastKnownFileType = sourcecode.swift; path = Constants.swift; sourceTree = "<group>"; };
		4F1122F62B2AD19C0085A8B5 /* EnvironmentValues.swift */ = {isa = PBXFileReference; fileEncoding = 4; lastKnownFileType = sourcecode.swift; path = EnvironmentValues.swift; sourceTree = "<group>"; };
		4F1122F92B2AD19C0085A8B5 /* PlayerTVMenu.swift */ = {isa = PBXFileReference; fileEncoding = 4; lastKnownFileType = sourcecode.swift; path = PlayerTVMenu.swift; sourceTree = "<group>"; };
		4F1122FA2B2AD19C0085A8B5 /* PlayerQueue.swift */ = {isa = PBXFileReference; fileEncoding = 4; lastKnownFileType = sourcecode.swift; path = PlayerQueue.swift; sourceTree = "<group>"; };
		4F1122FB2B2AD19C0085A8B5 /* NavigationModel.swift */ = {isa = PBXFileReference; fileEncoding = 4; lastKnownFileType = sourcecode.swift; path = NavigationModel.swift; sourceTree = "<group>"; };
		4F1122FC2B2AD19C0085A8B5 /* NetworkStateModel.swift */ = {isa = PBXFileReference; fileEncoding = 4; lastKnownFileType = sourcecode.swift; path = NetworkStateModel.swift; sourceTree = "<group>"; };
		4F1122FD2B2AD19C0085A8B5 /* Stream.swift */ = {isa = PBXFileReference; fileEncoding = 4; lastKnownFileType = sourcecode.swift; path = Stream.swift; sourceTree = "<group>"; };
		4F1122FE2B2AD19C0085A8B5 /* ControlsOverlayModel.swift */ = {isa = PBXFileReference; fileEncoding = 4; lastKnownFileType = sourcecode.swift; path = ControlsOverlayModel.swift; sourceTree = "<group>"; };
		4F1122FF2B2AD19C0085A8B5 /* Thumbnail.swift */ = {isa = PBXFileReference; fileEncoding = 4; lastKnownFileType = sourcecode.swift; path = Thumbnail.swift; sourceTree = "<group>"; };
		4F1123072B2AD19C0085A8B5 /* PlayerTimeModel.swift */ = {isa = PBXFileReference; fileEncoding = 4; lastKnownFileType = sourcecode.swift; path = PlayerTimeModel.swift; sourceTree = "<group>"; };
		4F1123082B2AD19C0085A8B5 /* SeekModel.swift */ = {isa = PBXFileReference; fileEncoding = 4; lastKnownFileType = sourcecode.swift; path = SeekModel.swift; sourceTree = "<group>"; };
		4F1123092B2AD19C0085A8B5 /* PlayerControlsModel.swift */ = {isa = PBXFileReference; fileEncoding = 4; lastKnownFileType = sourcecode.swift; path = PlayerControlsModel.swift; sourceTree = "<group>"; };
		4F11230A2B2AD19C0085A8B5 /* PlayerQueueItem.swift */ = {isa = PBXFileReference; fileEncoding = 4; lastKnownFileType = sourcecode.swift; path = PlayerQueueItem.swift; sourceTree = "<group>"; };
		4F11230B2B2AD19C0085A8B5 /* PiPDelegate.swift */ = {isa = PBXFileReference; fileEncoding = 4; lastKnownFileType = sourcecode.swift; path = PiPDelegate.swift; sourceTree = "<group>"; };
		4F11230C2B2AD19C0085A8B5 /* ThumbnailsModel.swift */ = {isa = PBXFileReference; fileEncoding = 4; lastKnownFileType = sourcecode.swift; path = ThumbnailsModel.swift; sourceTree = "<group>"; };
		4F11230D2B2AD19C0085A8B5 /* DocumentsModel.swift */ = {isa = PBXFileReference; fileEncoding = 4; lastKnownFileType = sourcecode.swift; path = DocumentsModel.swift; sourceTree = "<group>"; };
		4F11230E2B2AD19C0085A8B5 /* Video.swift */ = {isa = PBXFileReference; fileEncoding = 4; lastKnownFileType = sourcecode.swift; path = Video.swift; sourceTree = "<group>"; };
		4F11230F2B2AD19C0085A8B5 /* PlayerQueueItemBridge.swift */ = {isa = PBXFileReference; fileEncoding = 4; lastKnownFileType = sourcecode.swift; path = PlayerQueueItemBridge.swift; sourceTree = "<group>"; };
		4F1123102B2AD19C0085A8B5 /* Captions.swift */ = {isa = PBXFileReference; fileEncoding = 4; lastKnownFileType = sourcecode.swift; path = Captions.swift; sourceTree = "<group>"; };
		4F1123112B2AD19C0085A8B5 /* PersistenceController.swift */ = {isa = PBXFileReference; fileEncoding = 4; lastKnownFileType = sourcecode.swift; path = PersistenceController.swift; sourceTree = "<group>"; };
		4F1123122B2AD19C0085A8B5 /* SafeAreaModel.swift */ = {isa = PBXFileReference; fileEncoding = 4; lastKnownFileType = sourcecode.swift; path = SafeAreaModel.swift; sourceTree = "<group>"; };
		4F1123152B2AD19D0085A8B5 /* ScreenSaverManager.swift */ = {isa = PBXFileReference; fileEncoding = 4; lastKnownFileType = sourcecode.swift; path = ScreenSaverManager.swift; sourceTree = "<group>"; };
		4F1123162B2AD19D0085A8B5 /* MacOSPiPDelegate.swift */ = {isa = PBXFileReference; fileEncoding = 4; lastKnownFileType = sourcecode.swift; path = MacOSPiPDelegate.swift; sourceTree = "<group>"; };
		4F1123172B2AD19D0085A8B5 /* VideoLayer.swift */ = {isa = PBXFileReference; fileEncoding = 4; lastKnownFileType = sourcecode.swift; path = VideoLayer.swift; sourceTree = "<group>"; };
		4F1123182B2AD19D0085A8B5 /* Windows.swift */ = {isa = PBXFileReference; fileEncoding = 4; lastKnownFileType = sourcecode.swift; path = Windows.swift; sourceTree = "<group>"; };
		4F1123192B2AD19D0085A8B5 /* ControlsBar.swift */ = {isa = PBXFileReference; fileEncoding = 4; lastKnownFileType = sourcecode.swift; path = ControlsBar.swift; sourceTree = "<group>"; };
		4F11231C2B2AD19D0085A8B5 /* PlayerControls.swift */ = {isa = PBXFileReference; fileEncoding = 4; lastKnownFileType = sourcecode.swift; path = PlayerControls.swift; sourceTree = "<group>"; };
		4F11231D2B2AD19D0085A8B5 /* ControlsOverlay.swift */ = {isa = PBXFileReference; fileEncoding = 4; lastKnownFileType = sourcecode.swift; path = ControlsOverlay.swift; sourceTree = "<group>"; };
		4F11231E2B2AD19D0085A8B5 /* PlayerControlsLayout.swift */ = {isa = PBXFileReference; fileEncoding = 4; lastKnownFileType = sourcecode.swift; path = PlayerControlsLayout.swift; sourceTree = "<group>"; };
		4F1123202B2AD19D0085A8B5 /* Seek.swift */ = {isa = PBXFileReference; fileEncoding = 4; lastKnownFileType = sourcecode.swift; path = Seek.swift; sourceTree = "<group>"; };
		4F1123212B2AD19D0085A8B5 /* Buffering.swift */ = {isa = PBXFileReference; fileEncoding = 4; lastKnownFileType = sourcecode.swift; path = Buffering.swift; sourceTree = "<group>"; };
		4F1123222B2AD19D0085A8B5 /* NetworkState.swift */ = {isa = PBXFileReference; fileEncoding = 4; lastKnownFileType = sourcecode.swift; path = NetworkState.swift; sourceTree = "<group>"; };
		4F1123232B2AD19D0085A8B5 /* ControlBackgroundModifier.swift */ = {isa = PBXFileReference; fileEncoding = 4; lastKnownFileType = sourcecode.swift; path = ControlBackgroundModifier.swift; sourceTree = "<group>"; };
		4F1123242B2AD19D0085A8B5 /* PlaybackStatsView.swift */ = {isa = PBXFileReference; fileEncoding = 4; lastKnownFileType = sourcecode.swift; path = PlaybackStatsView.swift; sourceTree = "<group>"; };
		4F1123252B2AD19D0085A8B5 /* ProgressBar.swift */ = {isa = PBXFileReference; fileEncoding = 4; lastKnownFileType = sourcecode.swift; path = ProgressBar.swift; sourceTree = "<group>"; };
		4F1123262B2AD19D0085A8B5 /* VideoDetailsOverlay.swift */ = {isa = PBXFileReference; fileEncoding = 4; lastKnownFileType = sourcecode.swift; path = VideoDetailsOverlay.swift; sourceTree = "<group>"; };
		4F1123272B2AD19D0085A8B5 /* SeekType.swift */ = {isa = PBXFileReference; fileEncoding = 4; lastKnownFileType = sourcecode.swift; path = SeekType.swift; sourceTree = "<group>"; };
		4F11232A2B2AD19D0085A8B5 /* BridgingHeader.h */ = {isa = PBXFileReference; fileEncoding = 4; lastKnownFileType = sourcecode.c.h; path = BridgingHeader.h; sourceTree = "<group>"; };
		4F11232B2B2AD19D0085A8B5 /* OrientationModel.swift */ = {isa = PBXFileReference; fileEncoding = 4; lastKnownFileType = sourcecode.swift; path = OrientationModel.swift; sourceTree = "<group>"; };
		4F11232C2B2AD19D0085A8B5 /* OrientationTracker.swift */ = {isa = PBXFileReference; fileEncoding = 4; lastKnownFileType = sourcecode.swift; path = OrientationTracker.swift; sourceTree = "<group>"; };
		4F11232D2B2AD19D0085A8B5 /* Orientation.swift */ = {isa = PBXFileReference; fileEncoding = 4; lastKnownFileType = sourcecode.swift; path = Orientation.swift; sourceTree = "<group>"; };
		4F11232E2B2AD19D0085A8B5 /* ShareSheet.swift */ = {isa = PBXFileReference; fileEncoding = 4; lastKnownFileType = sourcecode.swift; path = ShareSheet.swift; sourceTree = "<group>"; };
		4F11232F2B2AD19D0085A8B5 /* Delay.swift */ = {isa = PBXFileReference; fileEncoding = 4; lastKnownFileType = sourcecode.swift; path = Delay.swift; sourceTree = "<group>"; };
		4F1123302B2AD19D0085A8B5 /* PlayerDragGesture.swift */ = {isa = PBXFileReference; fileEncoding = 4; lastKnownFileType = sourcecode.swift; path = PlayerDragGesture.swift; sourceTree = "<group>"; };
		4F1123322B2AD19E0085A8B5 /* PlayerGestures.swift */ = {isa = PBXFileReference; fileEncoding = 4; lastKnownFileType = sourcecode.swift; path = PlayerGestures.swift; sourceTree = "<group>"; };
		4F1123342B2AD19E0085A8B5 /* Defaults.swift */ = {isa = PBXFileReference; fileEncoding = 4; lastKnownFileType = sourcecode.swift; path = Defaults.swift; sourceTree = "<group>"; };
		4F1123352B2AD19E0085A8B5 /* PlayerBackendView.swift */ = {isa = PBXFileReference; fileEncoding = 4; lastKnownFileType = sourcecode.swift; path = PlayerBackendView.swift; sourceTree = "<group>"; };
		4F1123372B2AD19E0085A8B5 /* View+Fixtures.swift */ = {isa = PBXFileReference; fileEncoding = 4; lastKnownFileType = sourcecode.swift; path = "View+Fixtures.swift"; sourceTree = "<group>"; };
		4F1123392B2AD19E0085A8B5 /* ToolbarColorScheme+Backport.swift */ = {isa = PBXFileReference; fileEncoding = 4; lastKnownFileType = sourcecode.swift; path = "ToolbarColorScheme+Backport.swift"; sourceTree = "<group>"; };
		4F11233A2B2AD19E0085A8B5 /* VisualEffectBlur-macOS.swift */ = {isa = PBXFileReference; fileEncoding = 4; lastKnownFileType = sourcecode.swift; path = "VisualEffectBlur-macOS.swift"; sourceTree = "<group>"; };
		4F11233B2B2AD19E0085A8B5 /* ToolbarBackground+Backport.swift */ = {isa = PBXFileReference; fileEncoding = 4; lastKnownFileType = sourcecode.swift; path = "ToolbarBackground+Backport.swift"; sourceTree = "<group>"; };
		4F11233C2B2AD19E0085A8B5 /* VisualEffectBlur-iOS.swift */ = {isa = PBXFileReference; fileEncoding = 4; lastKnownFileType = sourcecode.swift; path = "VisualEffectBlur-iOS.swift"; sourceTree = "<group>"; };
		4F11233D2B2AD19E0085A8B5 /* Backport.swift */ = {isa = PBXFileReference; fileEncoding = 4; lastKnownFileType = sourcecode.swift; path = Backport.swift; sourceTree = "<group>"; };
		4F11233E2B2AD19E0085A8B5 /* PersistentSystemOverlays+Backport.swift */ = {isa = PBXFileReference; fileEncoding = 4; lastKnownFileType = sourcecode.swift; path = "PersistentSystemOverlays+Backport.swift"; sourceTree = "<group>"; };
		4F1123402B2AD19E0085A8B5 /* AnimationCompletionObserverModifier.swift */ = {isa = PBXFileReference; fileEncoding = 4; lastKnownFileType = sourcecode.swift; path = AnimationCompletionObserverModifier.swift; sourceTree = "<group>"; };
		4F1123412B2AD19E0085A8B5 /* RedrawOnModifier.swift */ = {isa = PBXFileReference; fileEncoding = 4; lastKnownFileType = sourcecode.swift; path = RedrawOnModifier.swift; sourceTree = "<group>"; };
		4F1123422B2AD19E0085A8B5 /* PlayerOverlayModifier.swift */ = {isa = PBXFileReference; fileEncoding = 4; lastKnownFileType = sourcecode.swift; path = PlayerOverlayModifier.swift; sourceTree = "<group>"; };
		4F1123432B2AD19E0085A8B5 /* TapRecognizerViewModifier.swift */ = {isa = PBXFileReference; fileEncoding = 4; lastKnownFileType = sourcecode.swift; path = TapRecognizerViewModifier.swift; sourceTree = "<group>"; };
		4F1123442B2AD19E0085A8B5 /* Throttle.swift */ = {isa = PBXFileReference; fileEncoding = 4; lastKnownFileType = sourcecode.swift; path = Throttle.swift; sourceTree = "<group>"; };
		4F1123462B2AD19E0085A8B5 /* View.swift */ = {isa = PBXFileReference; fileEncoding = 4; lastKnownFileType = sourcecode.swift; path = View.swift; sourceTree = "<group>"; };
		4F1123472B2AD19E0085A8B5 /* String+Localizable.swift */ = {isa = PBXFileReference; fileEncoding = 4; lastKnownFileType = sourcecode.swift; path = "String+Localizable.swift"; sourceTree = "<group>"; };
		4F1123482B2AD19E0085A8B5 /* UIViewController+HideHomeIndicator.swift */ = {isa = PBXFileReference; fileEncoding = 4; lastKnownFileType = sourcecode.swift; path = "UIViewController+HideHomeIndicator.swift"; sourceTree = "<group>"; };
		4F1123492B2AD19E0085A8B5 /* AVPlayerViewController+FullScreen.swift */ = {isa = PBXFileReference; fileEncoding = 4; lastKnownFileType = sourcecode.swift; path = "AVPlayerViewController+FullScreen.swift"; sourceTree = "<group>"; };
		4F11234A2B2AD19E0085A8B5 /* CaseIterable+Next.swift */ = {isa = PBXFileReference; fileEncoding = 4; lastKnownFileType = sourcecode.swift; path = "CaseIterable+Next.swift"; sourceTree = "<group>"; };
		4F11234B2B2AD19E0085A8B5 /* Int.swift */ = {isa = PBXFileReference; fileEncoding = 4; lastKnownFileType = sourcecode.swift; path = Int.swift; sourceTree = "<group>"; };
		4F11234C2B2AD19E0085A8B5 /* CMTime+DefaultTimescale.swift */ = {isa = PBXFileReference; fileEncoding = 4; lastKnownFileType = sourcecode.swift; path = "CMTime+DefaultTimescale.swift"; sourceTree = "<group>"; };
		4F11234D2B2AD19E0085A8B5 /* Double+Format.swift */ = {isa = PBXFileReference; fileEncoding = 4; lastKnownFileType = sourcecode.swift; path = "Double+Format.swift"; sourceTree = "<group>"; };
		4FC3ADC62AFE4A6A00D71370 /* MPVKitExample.app */ = {isa = PBXFileReference; explicitFileType = wrapper.application; includeInIndex = 0; path = MPVKitExample.app; sourceTree = BUILT_PRODUCTS_DIR; };
		4FC3ADC92AFE4A6A00D71370 /* MPVKitExampleApp.swift */ = {isa = PBXFileReference; lastKnownFileType = sourcecode.swift; path = MPVKitExampleApp.swift; sourceTree = "<group>"; };
		4FC3ADCB2AFE4A6A00D71370 /* ContentView.swift */ = {isa = PBXFileReference; lastKnownFileType = sourcecode.swift; path = ContentView.swift; sourceTree = "<group>"; };
		4FC3ADCD2AFE4A6C00D71370 /* Assets.xcassets */ = {isa = PBXFileReference; lastKnownFileType = folder.assetcatalog; path = Assets.xcassets; sourceTree = "<group>"; };
		4FC3ADCF2AFE4A6C00D71370 /* MPVKitExample.entitlements */ = {isa = PBXFileReference; lastKnownFileType = text.plist.entitlements; path = MPVKitExample.entitlements; sourceTree = "<group>"; };
		4FC3ADD12AFE4A6C00D71370 /* Preview Assets.xcassets */ = {isa = PBXFileReference; lastKnownFileType = folder.assetcatalog; path = "Preview Assets.xcassets"; sourceTree = "<group>"; };
		4FC3ADD72AFE4A6C00D71370 /* MPVKitExampleTests.xctest */ = {isa = PBXFileReference; explicitFileType = wrapper.cfbundle; includeInIndex = 0; path = MPVKitExampleTests.xctest; sourceTree = BUILT_PRODUCTS_DIR; };
		4FC3ADDB2AFE4A6C00D71370 /* MPVKitExampleTests.swift */ = {isa = PBXFileReference; lastKnownFileType = sourcecode.swift; path = MPVKitExampleTests.swift; sourceTree = "<group>"; };
		4FC3ADE12AFE4A6C00D71370 /* MPVKitExampleUITests.xctest */ = {isa = PBXFileReference; explicitFileType = wrapper.cfbundle; includeInIndex = 0; path = MPVKitExampleUITests.xctest; sourceTree = BUILT_PRODUCTS_DIR; };
		4FC3ADE52AFE4A6C00D71370 /* MPVKitExampleUITests.swift */ = {isa = PBXFileReference; lastKnownFileType = sourcecode.swift; path = MPVKitExampleUITests.swift; sourceTree = "<group>"; };
		4FC3ADE72AFE4A6C00D71370 /* MPVKitExampleUITestsLaunchTests.swift */ = {isa = PBXFileReference; lastKnownFileType = sourcecode.swift; path = MPVKitExampleUITestsLaunchTests.swift; sourceTree = "<group>"; };
		4FC3ADF72AFE4BBB00D71370 /* Info.plist */ = {isa = PBXFileReference; lastKnownFileType = text.plist; path = Info.plist; sourceTree = "<group>"; };
/* End PBXFileReference section */

/* Begin PBXFrameworksBuildPhase section */
		4FC3ADC32AFE4A6A00D71370 /* Frameworks */ = {
			isa = PBXFrameworksBuildPhase;
			buildActionMask = 2147483647;
			files = (
				4F86B4EF2B2DDA4100032658 /* MPVKit in Frameworks */,
				4FC3ADF62AFE4AFC00D71370 /* MPVKit in Frameworks */,
				4F86B4EB2B2DD3E600032658 /* MPVKit in Frameworks */,
			);
			runOnlyForDeploymentPostprocessing = 0;
		};
		4FC3ADD42AFE4A6C00D71370 /* Frameworks */ = {
			isa = PBXFrameworksBuildPhase;
			buildActionMask = 2147483647;
			files = (
			);
			runOnlyForDeploymentPostprocessing = 0;
		};
		4FC3ADDE2AFE4A6C00D71370 /* Frameworks */ = {
			isa = PBXFrameworksBuildPhase;
			buildActionMask = 2147483647;
			files = (
			);
			runOnlyForDeploymentPostprocessing = 0;
		};
/* End PBXFrameworksBuildPhase section */

/* Begin PBXGroup section */
		4F1122F82B2AD19C0085A8B5 /* Model */ = {
			isa = PBXGroup;
			children = (
				4F1122F92B2AD19C0085A8B5 /* PlayerTVMenu.swift */,
				4F06458E2B2DB84E004A8228 /* PlayerModel.swift */,
				4F1122FA2B2AD19C0085A8B5 /* PlayerQueue.swift */,
				4F1122FB2B2AD19C0085A8B5 /* NavigationModel.swift */,
				4F1122FC2B2AD19C0085A8B5 /* NetworkStateModel.swift */,
				4F1122FD2B2AD19C0085A8B5 /* Stream.swift */,
				4F1122FE2B2AD19C0085A8B5 /* ControlsOverlayModel.swift */,
				4F1122FF2B2AD19C0085A8B5 /* Thumbnail.swift */,
				4F1123072B2AD19C0085A8B5 /* PlayerTimeModel.swift */,
				4F1123082B2AD19C0085A8B5 /* SeekModel.swift */,
				4F1123092B2AD19C0085A8B5 /* PlayerControlsModel.swift */,
				4F11230A2B2AD19C0085A8B5 /* PlayerQueueItem.swift */,
				4F11230B2B2AD19C0085A8B5 /* PiPDelegate.swift */,
				4F11230C2B2AD19C0085A8B5 /* ThumbnailsModel.swift */,
				4F11230D2B2AD19C0085A8B5 /* DocumentsModel.swift */,
				4F11230E2B2AD19C0085A8B5 /* Video.swift */,
				4F11230F2B2AD19C0085A8B5 /* PlayerQueueItemBridge.swift */,
				4F1123102B2AD19C0085A8B5 /* Captions.swift */,
				4F1123112B2AD19C0085A8B5 /* PersistenceController.swift */,
				4F1123122B2AD19C0085A8B5 /* SafeAreaModel.swift */,
			);
			path = Model;
			sourceTree = "<group>";
		};
		4F1123142B2AD19D0085A8B5 /* macOS */ = {
			isa = PBXGroup;
			children = (
				4F1123152B2AD19D0085A8B5 /* ScreenSaverManager.swift */,
				4F1123162B2AD19D0085A8B5 /* MacOSPiPDelegate.swift */,
				4F1123172B2AD19D0085A8B5 /* VideoLayer.swift */,
				4F1123182B2AD19D0085A8B5 /* Windows.swift */,
			);
			path = macOS;
			sourceTree = "<group>";
		};
		4F11231B2B2AD19D0085A8B5 /* Control */ = {
			isa = PBXGroup;
			children = (
				4F11231C2B2AD19D0085A8B5 /* PlayerControls.swift */,
				4F11231D2B2AD19D0085A8B5 /* ControlsOverlay.swift */,
				4F11231E2B2AD19D0085A8B5 /* PlayerControlsLayout.swift */,
				4F11231F2B2AD19D0085A8B5 /* OSD */,
				4F1123232B2AD19D0085A8B5 /* ControlBackgroundModifier.swift */,
				4F1123242B2AD19D0085A8B5 /* PlaybackStatsView.swift */,
				4F1123252B2AD19D0085A8B5 /* ProgressBar.swift */,
				4F1123262B2AD19D0085A8B5 /* VideoDetailsOverlay.swift */,
			);
			path = Control;
			sourceTree = "<group>";
		};
		4F11231F2B2AD19D0085A8B5 /* OSD */ = {
			isa = PBXGroup;
			children = (
				4F1123202B2AD19D0085A8B5 /* Seek.swift */,
				4F1123212B2AD19D0085A8B5 /* Buffering.swift */,
				4F1123222B2AD19D0085A8B5 /* NetworkState.swift */,
			);
			path = OSD;
			sourceTree = "<group>";
		};
		4F1123292B2AD19D0085A8B5 /* iOS */ = {
			isa = PBXGroup;
			children = (
				4F11232A2B2AD19D0085A8B5 /* BridgingHeader.h */,
				4F11232B2B2AD19D0085A8B5 /* OrientationModel.swift */,
				4F11232C2B2AD19D0085A8B5 /* OrientationTracker.swift */,
				4F11232D2B2AD19D0085A8B5 /* Orientation.swift */,
				4F11232E2B2AD19D0085A8B5 /* ShareSheet.swift */,
			);
			path = iOS;
			sourceTree = "<group>";
		};
		4F1123362B2AD19E0085A8B5 /* Fixtures */ = {
			isa = PBXGroup;
			children = (
				4F1123372B2AD19E0085A8B5 /* View+Fixtures.swift */,
			);
			path = Fixtures;
			sourceTree = "<group>";
		};
		4F1123382B2AD19E0085A8B5 /* Backports */ = {
			isa = PBXGroup;
			children = (
				4F1123392B2AD19E0085A8B5 /* ToolbarColorScheme+Backport.swift */,
				4F11233A2B2AD19E0085A8B5 /* VisualEffectBlur-macOS.swift */,
				4F11233B2B2AD19E0085A8B5 /* ToolbarBackground+Backport.swift */,
				4F11233C2B2AD19E0085A8B5 /* VisualEffectBlur-iOS.swift */,
				4F11233D2B2AD19E0085A8B5 /* Backport.swift */,
				4F11233E2B2AD19E0085A8B5 /* PersistentSystemOverlays+Backport.swift */,
			);
			path = Backports;
			sourceTree = "<group>";
		};
		4F11233F2B2AD19E0085A8B5 /* Modifiers */ = {
			isa = PBXGroup;
			children = (
				4F1123402B2AD19E0085A8B5 /* AnimationCompletionObserverModifier.swift */,
				4F1123412B2AD19E0085A8B5 /* RedrawOnModifier.swift */,
				4F1123422B2AD19E0085A8B5 /* PlayerOverlayModifier.swift */,
			);
			path = Modifiers;
			sourceTree = "<group>";
		};
		4F1123452B2AD19E0085A8B5 /* Extensions */ = {
			isa = PBXGroup;
			children = (
				4F1123462B2AD19E0085A8B5 /* View.swift */,
				4F1123472B2AD19E0085A8B5 /* String+Localizable.swift */,
				4F1123482B2AD19E0085A8B5 /* UIViewController+HideHomeIndicator.swift */,
				4F1123492B2AD19E0085A8B5 /* AVPlayerViewController+FullScreen.swift */,
				4F11234A2B2AD19E0085A8B5 /* CaseIterable+Next.swift */,
				4F11234B2B2AD19E0085A8B5 /* Int.swift */,
				4F11234C2B2AD19E0085A8B5 /* CMTime+DefaultTimescale.swift */,
				4F11234D2B2AD19E0085A8B5 /* Double+Format.swift */,
			);
			path = Extensions;
			sourceTree = "<group>";
		};
		4FC3ADBD2AFE4A6A00D71370 = {
			isa = PBXGroup;
			children = (
				4FC3ADC82AFE4A6A00D71370 /* MPVKitExample */,
				4FC3ADDA2AFE4A6C00D71370 /* MPVKitExampleTests */,
				4FC3ADE42AFE4A6C00D71370 /* MPVKitExampleUITests */,
				4FC3ADC72AFE4A6A00D71370 /* Products */,
			);
			sourceTree = "<group>";
		};
		4FC3ADC72AFE4A6A00D71370 /* Products */ = {
			isa = PBXGroup;
			children = (
				4FC3ADC62AFE4A6A00D71370 /* MPVKitExample.app */,
				4FC3ADD72AFE4A6C00D71370 /* MPVKitExampleTests.xctest */,
				4FC3ADE12AFE4A6C00D71370 /* MPVKitExampleUITests.xctest */,
			);
			name = Products;
			sourceTree = "<group>";
		};
		4FC3ADC82AFE4A6A00D71370 /* MPVKitExample */ = {
			isa = PBXGroup;
			children = (
				4F1123382B2AD19E0085A8B5 /* Backports */,
				4F1122F52B2AD19C0085A8B5 /* Constants.swift */,
				4F11231B2B2AD19D0085A8B5 /* Control */,
				4F1123192B2AD19D0085A8B5 /* ControlsBar.swift */,
				4F1123342B2AD19E0085A8B5 /* Defaults.swift */,
				4F11232F2B2AD19D0085A8B5 /* Delay.swift */,
				4F1122F62B2AD19C0085A8B5 /* EnvironmentValues.swift */,
				4F1123452B2AD19E0085A8B5 /* Extensions */,
				4F1123362B2AD19E0085A8B5 /* Fixtures */,
				4F1123292B2AD19D0085A8B5 /* iOS */,
				4F1123142B2AD19D0085A8B5 /* macOS */,
				4F1122F82B2AD19C0085A8B5 /* Model */,
				4F11233F2B2AD19E0085A8B5 /* Modifiers */,
				4F1123352B2AD19E0085A8B5 /* PlayerBackendView.swift */,
				4F1123302B2AD19D0085A8B5 /* PlayerDragGesture.swift */,
				4F1123322B2AD19E0085A8B5 /* PlayerGestures.swift */,
				4F1122F42B2AD19C0085A8B5 /* PlayerLayerView.swift */,
				4F1123272B2AD19D0085A8B5 /* SeekType.swift */,
				4F1123432B2AD19E0085A8B5 /* TapRecognizerViewModifier.swift */,
				4F1123442B2AD19E0085A8B5 /* Throttle.swift */,
				4FC3ADF72AFE4BBB00D71370 /* Info.plist */,
				4FC3ADC92AFE4A6A00D71370 /* MPVKitExampleApp.swift */,
				4FC3ADCB2AFE4A6A00D71370 /* ContentView.swift */,
				4FC3ADCD2AFE4A6C00D71370 /* Assets.xcassets */,
				4FC3ADCF2AFE4A6C00D71370 /* MPVKitExample.entitlements */,
				4FC3ADD02AFE4A6C00D71370 /* Preview Content */,
			);
			path = MPVKitExample;
			sourceTree = "<group>";
		};
		4FC3ADD02AFE4A6C00D71370 /* Preview Content */ = {
			isa = PBXGroup;
			children = (
				4FC3ADD12AFE4A6C00D71370 /* Preview Assets.xcassets */,
			);
			path = "Preview Content";
			sourceTree = "<group>";
		};
		4FC3ADDA2AFE4A6C00D71370 /* MPVKitExampleTests */ = {
			isa = PBXGroup;
			children = (
				4FC3ADDB2AFE4A6C00D71370 /* MPVKitExampleTests.swift */,
			);
			path = MPVKitExampleTests;
			sourceTree = "<group>";
		};
		4FC3ADE42AFE4A6C00D71370 /* MPVKitExampleUITests */ = {
			isa = PBXGroup;
			children = (
				4FC3ADE52AFE4A6C00D71370 /* MPVKitExampleUITests.swift */,
				4FC3ADE72AFE4A6C00D71370 /* MPVKitExampleUITestsLaunchTests.swift */,
			);
			path = MPVKitExampleUITests;
			sourceTree = "<group>";
		};
/* End PBXGroup section */

/* Begin PBXNativeTarget section */
		4FC3ADC52AFE4A6A00D71370 /* MPVKitExample */ = {
			isa = PBXNativeTarget;
			buildConfigurationList = 4FC3ADEB2AFE4A6C00D71370 /* Build configuration list for PBXNativeTarget "MPVKitExample" */;
			buildPhases = (
				4FC3ADC22AFE4A6A00D71370 /* Sources */,
				4FC3ADC32AFE4A6A00D71370 /* Frameworks */,
				4FC3ADC42AFE4A6A00D71370 /* Resources */,
			);
			buildRules = (
			);
			dependencies = (
			);
			name = MPVKitExample;
			packageProductDependencies = (
				4FC3ADF52AFE4AFC00D71370 /* MPVKit */,
				4F86B4EA2B2DD3E600032658 /* MPVKit */,
				4F86B4EE2B2DDA4100032658 /* MPVKit */,
			);
			productName = MPVKitExample;
			productReference = 4FC3ADC62AFE4A6A00D71370 /* MPVKitExample.app */;
			productType = "com.apple.product-type.application";
		};
		4FC3ADD62AFE4A6C00D71370 /* MPVKitExampleTests */ = {
			isa = PBXNativeTarget;
			buildConfigurationList = 4FC3ADEE2AFE4A6C00D71370 /* Build configuration list for PBXNativeTarget "MPVKitExampleTests" */;
			buildPhases = (
				4FC3ADD32AFE4A6C00D71370 /* Sources */,
				4FC3ADD42AFE4A6C00D71370 /* Frameworks */,
				4FC3ADD52AFE4A6C00D71370 /* Resources */,
			);
			buildRules = (
			);
			dependencies = (
				4FC3ADD92AFE4A6C00D71370 /* PBXTargetDependency */,
			);
			name = MPVKitExampleTests;
			productName = MPVKitExampleTests;
			productReference = 4FC3ADD72AFE4A6C00D71370 /* MPVKitExampleTests.xctest */;
			productType = "com.apple.product-type.bundle.unit-test";
		};
		4FC3ADE02AFE4A6C00D71370 /* MPVKitExampleUITests */ = {
			isa = PBXNativeTarget;
			buildConfigurationList = 4FC3ADF12AFE4A6C00D71370 /* Build configuration list for PBXNativeTarget "MPVKitExampleUITests" */;
			buildPhases = (
				4FC3ADDD2AFE4A6C00D71370 /* Sources */,
				4FC3ADDE2AFE4A6C00D71370 /* Frameworks */,
				4FC3ADDF2AFE4A6C00D71370 /* Resources */,
			);
			buildRules = (
			);
			dependencies = (
				4FC3ADE32AFE4A6C00D71370 /* PBXTargetDependency */,
			);
			name = MPVKitExampleUITests;
			productName = MPVKitExampleUITests;
			productReference = 4FC3ADE12AFE4A6C00D71370 /* MPVKitExampleUITests.xctest */;
			productType = "com.apple.product-type.bundle.ui-testing";
		};
/* End PBXNativeTarget section */

/* Begin PBXProject section */
		4FC3ADBE2AFE4A6A00D71370 /* Project object */ = {
			isa = PBXProject;
			attributes = {
				BuildIndependentTargetsInParallel = 1;
				LastSwiftUpdateCheck = 1500;
				LastUpgradeCheck = 1500;
				TargetAttributes = {
					4FC3ADC52AFE4A6A00D71370 = {
						CreatedOnToolsVersion = 15.0.1;
					};
					4FC3ADD62AFE4A6C00D71370 = {
						CreatedOnToolsVersion = 15.0.1;
						TestTargetID = 4FC3ADC52AFE4A6A00D71370;
					};
					4FC3ADE02AFE4A6C00D71370 = {
						CreatedOnToolsVersion = 15.0.1;
						TestTargetID = 4FC3ADC52AFE4A6A00D71370;
					};
				};
			};
			buildConfigurationList = 4FC3ADC12AFE4A6A00D71370 /* Build configuration list for PBXProject "MPVKitExample" */;
			compatibilityVersion = "Xcode 14.0";
			developmentRegion = en;
			hasScannedForEncodings = 0;
			knownRegions = (
				en,
				Base,
			);
			mainGroup = 4FC3ADBD2AFE4A6A00D71370;
			packageReferences = (
				4F86B4ED2B2DDA4100032658 /* XCRemoteSwiftPackageReference "MPVKit" */,
			);
			productRefGroup = 4FC3ADC72AFE4A6A00D71370 /* Products */;
			projectDirPath = "";
			projectRoot = "";
			targets = (
				4FC3ADC52AFE4A6A00D71370 /* MPVKitExample */,
				4FC3ADD62AFE4A6C00D71370 /* MPVKitExampleTests */,
				4FC3ADE02AFE4A6C00D71370 /* MPVKitExampleUITests */,
			);
		};
/* End PBXProject section */

/* Begin PBXResourcesBuildPhase section */
		4FC3ADC42AFE4A6A00D71370 /* Resources */ = {
			isa = PBXResourcesBuildPhase;
			buildActionMask = 2147483647;
			files = (
				4FC3ADD22AFE4A6C00D71370 /* Preview Assets.xcassets in Resources */,
				4FC3ADCE2AFE4A6C00D71370 /* Assets.xcassets in Resources */,
			);
			runOnlyForDeploymentPostprocessing = 0;
		};
		4FC3ADD52AFE4A6C00D71370 /* Resources */ = {
			isa = PBXResourcesBuildPhase;
			buildActionMask = 2147483647;
			files = (
			);
			runOnlyForDeploymentPostprocessing = 0;
		};
		4FC3ADDF2AFE4A6C00D71370 /* Resources */ = {
			isa = PBXResourcesBuildPhase;
			buildActionMask = 2147483647;
			files = (
			);
			runOnlyForDeploymentPostprocessing = 0;
		};
/* End PBXResourcesBuildPhase section */

/* Begin PBXSourcesBuildPhase section */
		4FC3ADC22AFE4A6A00D71370 /* Sources */ = {
			isa = PBXSourcesBuildPhase;
			buildActionMask = 2147483647;
			files = (
				4F1123562B2AD19F0085A8B5 /* Stream.swift in Sources */,
				4F1123882B2AD19F0085A8B5 /* PlayerBackendView.swift in Sources */,
				4F1123792B2AD19F0085A8B5 /* PlaybackStatsView.swift in Sources */,
				4F1123722B2AD19F0085A8B5 /* PlayerControls.swift in Sources */,
				4F1123742B2AD19F0085A8B5 /* PlayerControlsLayout.swift in Sources */,
				4F11237E2B2AD19F0085A8B5 /* OrientationModel.swift in Sources */,
				4F1123652B2AD19F0085A8B5 /* DocumentsModel.swift in Sources */,
				4F1123762B2AD19F0085A8B5 /* Buffering.swift in Sources */,
				4F1123992B2AD19F0085A8B5 /* CaseIterable+Next.swift in Sources */,
				4F1123662B2AD19F0085A8B5 /* Video.swift in Sources */,
				4F1123962B2AD19F0085A8B5 /* String+Localizable.swift in Sources */,
				4F1123732B2AD19F0085A8B5 /* ControlsOverlay.swift in Sources */,
				4F11236C2B2AD19F0085A8B5 /* ScreenSaverManager.swift in Sources */,
				4F11238B2B2AD19F0085A8B5 /* VisualEffectBlur-macOS.swift in Sources */,
				4F1123682B2AD19F0085A8B5 /* Captions.swift in Sources */,
				4F1123502B2AD19E0085A8B5 /* EnvironmentValues.swift in Sources */,
				4F1123752B2AD19F0085A8B5 /* Seek.swift in Sources */,
				4F11237F2B2AD19F0085A8B5 /* OrientationTracker.swift in Sources */,
				4F11237A2B2AD19F0085A8B5 /* ProgressBar.swift in Sources */,
				4F11234E2B2AD19E0085A8B5 /* PlayerLayerView.swift in Sources */,
				4F06458F2B2DB84E004A8228 /* PlayerModel.swift in Sources */,
				4FC3ADCC2AFE4A6A00D71370 /* ContentView.swift in Sources */,
				4F11236D2B2AD19F0085A8B5 /* MacOSPiPDelegate.swift in Sources */,
				4F1123832B2AD19F0085A8B5 /* PlayerDragGesture.swift in Sources */,
				4F1123852B2AD19F0085A8B5 /* PlayerGestures.swift in Sources */,
				4F1123692B2AD19F0085A8B5 /* PersistenceController.swift in Sources */,
				4F1123912B2AD19F0085A8B5 /* RedrawOnModifier.swift in Sources */,
				4F11238F2B2AD19F0085A8B5 /* PersistentSystemOverlays+Backport.swift in Sources */,
				4F11239B2B2AD19F0085A8B5 /* CMTime+DefaultTimescale.swift in Sources */,
				4F1123782B2AD19F0085A8B5 /* ControlBackgroundModifier.swift in Sources */,
				4F1123522B2AD19E0085A8B5 /* PlayerTVMenu.swift in Sources */,
				4F1123932B2AD19F0085A8B5 /* TapRecognizerViewModifier.swift in Sources */,
				4F11238E2B2AD19F0085A8B5 /* Backport.swift in Sources */,
				4F11239A2B2AD19F0085A8B5 /* Int.swift in Sources */,
				4F1123632B2AD19F0085A8B5 /* PiPDelegate.swift in Sources */,
				4F1123902B2AD19F0085A8B5 /* AnimationCompletionObserverModifier.swift in Sources */,
				4F1123622B2AD19F0085A8B5 /* PlayerQueueItem.swift in Sources */,
				4F1123642B2AD19F0085A8B5 /* ThumbnailsModel.swift in Sources */,
				4FC3ADCA2AFE4A6A00D71370 /* MPVKitExampleApp.swift in Sources */,
				4F11236F2B2AD19F0085A8B5 /* Windows.swift in Sources */,
				4F1123702B2AD19F0085A8B5 /* ControlsBar.swift in Sources */,
				4F1123582B2AD19F0085A8B5 /* Thumbnail.swift in Sources */,
				4F1123542B2AD19E0085A8B5 /* NavigationModel.swift in Sources */,
				4F1123672B2AD19F0085A8B5 /* PlayerQueueItemBridge.swift in Sources */,
				4F1123952B2AD19F0085A8B5 /* View.swift in Sources */,
				4F11237B2B2AD19F0085A8B5 /* VideoDetailsOverlay.swift in Sources */,
				4F11235F2B2AD19F0085A8B5 /* PlayerTimeModel.swift in Sources */,
				4F1123612B2AD19F0085A8B5 /* PlayerControlsModel.swift in Sources */,
				4F11238D2B2AD19F0085A8B5 /* VisualEffectBlur-iOS.swift in Sources */,
				4F1123942B2AD19F0085A8B5 /* Throttle.swift in Sources */,
				4F1123892B2AD19F0085A8B5 /* View+Fixtures.swift in Sources */,
				4F1123602B2AD19F0085A8B5 /* SeekModel.swift in Sources */,
				4F1123812B2AD19F0085A8B5 /* ShareSheet.swift in Sources */,
				4F1123972B2AD19F0085A8B5 /* UIViewController+HideHomeIndicator.swift in Sources */,
				4F11238C2B2AD19F0085A8B5 /* ToolbarBackground+Backport.swift in Sources */,
				4F1123822B2AD19F0085A8B5 /* Delay.swift in Sources */,
				4F1123572B2AD19F0085A8B5 /* ControlsOverlayModel.swift in Sources */,
				4F1123802B2AD19F0085A8B5 /* Orientation.swift in Sources */,
				4F1123532B2AD19E0085A8B5 /* PlayerQueue.swift in Sources */,
				4F11237C2B2AD19F0085A8B5 /* SeekType.swift in Sources */,
				4F11238A2B2AD19F0085A8B5 /* ToolbarColorScheme+Backport.swift in Sources */,
				4F1123552B2AD19F0085A8B5 /* NetworkStateModel.swift in Sources */,
				4F1123772B2AD19F0085A8B5 /* NetworkState.swift in Sources */,
				4F11239C2B2AD19F0085A8B5 /* Double+Format.swift in Sources */,
				4F1123982B2AD19F0085A8B5 /* AVPlayerViewController+FullScreen.swift in Sources */,
				4F1123922B2AD19F0085A8B5 /* PlayerOverlayModifier.swift in Sources */,
				4F11236A2B2AD19F0085A8B5 /* SafeAreaModel.swift in Sources */,
				4F1123872B2AD19F0085A8B5 /* Defaults.swift in Sources */,
				4F11236E2B2AD19F0085A8B5 /* VideoLayer.swift in Sources */,
				4F11234F2B2AD19E0085A8B5 /* Constants.swift in Sources */,
			);
			runOnlyForDeploymentPostprocessing = 0;
		};
		4FC3ADD32AFE4A6C00D71370 /* Sources */ = {
			isa = PBXSourcesBuildPhase;
			buildActionMask = 2147483647;
			files = (
				4FC3ADDC2AFE4A6C00D71370 /* MPVKitExampleTests.swift in Sources */,
			);
			runOnlyForDeploymentPostprocessing = 0;
		};
		4FC3ADDD2AFE4A6C00D71370 /* Sources */ = {
			isa = PBXSourcesBuildPhase;
			buildActionMask = 2147483647;
			files = (
				4FC3ADE82AFE4A6C00D71370 /* MPVKitExampleUITestsLaunchTests.swift in Sources */,
				4FC3ADE62AFE4A6C00D71370 /* MPVKitExampleUITests.swift in Sources */,
			);
			runOnlyForDeploymentPostprocessing = 0;
		};
/* End PBXSourcesBuildPhase section */

/* Begin PBXTargetDependency section */
		4FC3ADD92AFE4A6C00D71370 /* PBXTargetDependency */ = {
			isa = PBXTargetDependency;
			target = 4FC3ADC52AFE4A6A00D71370 /* MPVKitExample */;
			targetProxy = 4FC3ADD82AFE4A6C00D71370 /* PBXContainerItemProxy */;
		};
		4FC3ADE32AFE4A6C00D71370 /* PBXTargetDependency */ = {
			isa = PBXTargetDependency;
			target = 4FC3ADC52AFE4A6A00D71370 /* MPVKitExample */;
			targetProxy = 4FC3ADE22AFE4A6C00D71370 /* PBXContainerItemProxy */;
		};
/* End PBXTargetDependency section */

/* Begin XCBuildConfiguration section */
		4FC3ADE92AFE4A6C00D71370 /* Debug */ = {
			isa = XCBuildConfiguration;
			buildSettings = {
				ALWAYS_SEARCH_USER_PATHS = NO;
				ASSETCATALOG_COMPILER_GENERATE_SWIFT_ASSET_SYMBOL_EXTENSIONS = YES;
				CLANG_ANALYZER_NONNULL = YES;
				CLANG_ANALYZER_NUMBER_OBJECT_CONVERSION = YES_AGGRESSIVE;
				CLANG_CXX_LANGUAGE_STANDARD = "gnu++20";
				CLANG_ENABLE_MODULES = YES;
				CLANG_ENABLE_OBJC_ARC = YES;
				CLANG_ENABLE_OBJC_WEAK = YES;
				CLANG_WARN_BLOCK_CAPTURE_AUTORELEASING = YES;
				CLANG_WARN_BOOL_CONVERSION = YES;
				CLANG_WARN_COMMA = YES;
				CLANG_WARN_CONSTANT_CONVERSION = YES;
				CLANG_WARN_DEPRECATED_OBJC_IMPLEMENTATIONS = YES;
				CLANG_WARN_DIRECT_OBJC_ISA_USAGE = YES_ERROR;
				CLANG_WARN_DOCUMENTATION_COMMENTS = YES;
				CLANG_WARN_EMPTY_BODY = YES;
				CLANG_WARN_ENUM_CONVERSION = YES;
				CLANG_WARN_INFINITE_RECURSION = YES;
				CLANG_WARN_INT_CONVERSION = YES;
				CLANG_WARN_NON_LITERAL_NULL_CONVERSION = YES;
				CLANG_WARN_OBJC_IMPLICIT_RETAIN_SELF = YES;
				CLANG_WARN_OBJC_LITERAL_CONVERSION = YES;
				CLANG_WARN_OBJC_ROOT_CLASS = YES_ERROR;
				CLANG_WARN_QUOTED_INCLUDE_IN_FRAMEWORK_HEADER = YES;
				CLANG_WARN_RANGE_LOOP_ANALYSIS = YES;
				CLANG_WARN_STRICT_PROTOTYPES = YES;
				CLANG_WARN_SUSPICIOUS_MOVE = YES;
				CLANG_WARN_UNGUARDED_AVAILABILITY = YES_AGGRESSIVE;
				CLANG_WARN_UNREACHABLE_CODE = YES;
				CLANG_WARN__DUPLICATE_METHOD_MATCH = YES;
				COPY_PHASE_STRIP = NO;
				DEBUG_INFORMATION_FORMAT = dwarf;
				ENABLE_STRICT_OBJC_MSGSEND = YES;
				ENABLE_TESTABILITY = YES;
				ENABLE_USER_SCRIPT_SANDBOXING = YES;
				GCC_C_LANGUAGE_STANDARD = gnu17;
				GCC_DYNAMIC_NO_PIC = NO;
				GCC_NO_COMMON_BLOCKS = YES;
				GCC_OPTIMIZATION_LEVEL = 0;
				GCC_PREPROCESSOR_DEFINITIONS = (
					"DEBUG=1",
					"$(inherited)",
				);
				GCC_WARN_64_TO_32_BIT_CONVERSION = YES;
				GCC_WARN_ABOUT_RETURN_TYPE = YES_ERROR;
				GCC_WARN_UNDECLARED_SELECTOR = YES;
				GCC_WARN_UNINITIALIZED_AUTOS = YES_AGGRESSIVE;
				GCC_WARN_UNUSED_FUNCTION = YES;
				GCC_WARN_UNUSED_VARIABLE = YES;
				LOCALIZATION_PREFERS_STRING_CATALOGS = YES;
				MTL_ENABLE_DEBUG_INFO = INCLUDE_SOURCE;
				MTL_FAST_MATH = YES;
				ONLY_ACTIVE_ARCH = YES;
				SWIFT_ACTIVE_COMPILATION_CONDITIONS = "DEBUG $(inherited)";
				SWIFT_OPTIMIZATION_LEVEL = "-Onone";
			};
			name = Debug;
		};
		4FC3ADEA2AFE4A6C00D71370 /* Release */ = {
			isa = XCBuildConfiguration;
			buildSettings = {
				ALWAYS_SEARCH_USER_PATHS = NO;
				ASSETCATALOG_COMPILER_GENERATE_SWIFT_ASSET_SYMBOL_EXTENSIONS = YES;
				CLANG_ANALYZER_NONNULL = YES;
				CLANG_ANALYZER_NUMBER_OBJECT_CONVERSION = YES_AGGRESSIVE;
				CLANG_CXX_LANGUAGE_STANDARD = "gnu++20";
				CLANG_ENABLE_MODULES = YES;
				CLANG_ENABLE_OBJC_ARC = YES;
				CLANG_ENABLE_OBJC_WEAK = YES;
				CLANG_WARN_BLOCK_CAPTURE_AUTORELEASING = YES;
				CLANG_WARN_BOOL_CONVERSION = YES;
				CLANG_WARN_COMMA = YES;
				CLANG_WARN_CONSTANT_CONVERSION = YES;
				CLANG_WARN_DEPRECATED_OBJC_IMPLEMENTATIONS = YES;
				CLANG_WARN_DIRECT_OBJC_ISA_USAGE = YES_ERROR;
				CLANG_WARN_DOCUMENTATION_COMMENTS = YES;
				CLANG_WARN_EMPTY_BODY = YES;
				CLANG_WARN_ENUM_CONVERSION = YES;
				CLANG_WARN_INFINITE_RECURSION = YES;
				CLANG_WARN_INT_CONVERSION = YES;
				CLANG_WARN_NON_LITERAL_NULL_CONVERSION = YES;
				CLANG_WARN_OBJC_IMPLICIT_RETAIN_SELF = YES;
				CLANG_WARN_OBJC_LITERAL_CONVERSION = YES;
				CLANG_WARN_OBJC_ROOT_CLASS = YES_ERROR;
				CLANG_WARN_QUOTED_INCLUDE_IN_FRAMEWORK_HEADER = YES;
				CLANG_WARN_RANGE_LOOP_ANALYSIS = YES;
				CLANG_WARN_STRICT_PROTOTYPES = YES;
				CLANG_WARN_SUSPICIOUS_MOVE = YES;
				CLANG_WARN_UNGUARDED_AVAILABILITY = YES_AGGRESSIVE;
				CLANG_WARN_UNREACHABLE_CODE = YES;
				CLANG_WARN__DUPLICATE_METHOD_MATCH = YES;
				COPY_PHASE_STRIP = NO;
				DEBUG_INFORMATION_FORMAT = "dwarf-with-dsym";
				ENABLE_NS_ASSERTIONS = NO;
				ENABLE_STRICT_OBJC_MSGSEND = YES;
				ENABLE_USER_SCRIPT_SANDBOXING = YES;
				GCC_C_LANGUAGE_STANDARD = gnu17;
				GCC_NO_COMMON_BLOCKS = YES;
				GCC_WARN_64_TO_32_BIT_CONVERSION = YES;
				GCC_WARN_ABOUT_RETURN_TYPE = YES_ERROR;
				GCC_WARN_UNDECLARED_SELECTOR = YES;
				GCC_WARN_UNINITIALIZED_AUTOS = YES_AGGRESSIVE;
				GCC_WARN_UNUSED_FUNCTION = YES;
				GCC_WARN_UNUSED_VARIABLE = YES;
				LOCALIZATION_PREFERS_STRING_CATALOGS = YES;
				MTL_ENABLE_DEBUG_INFO = NO;
				MTL_FAST_MATH = YES;
				SWIFT_COMPILATION_MODE = wholemodule;
			};
			name = Release;
		};
		4FC3ADEC2AFE4A6C00D71370 /* Debug */ = {
			isa = XCBuildConfiguration;
			buildSettings = {
				ASSETCATALOG_COMPILER_APPICON_NAME = AppIcon;
				ASSETCATALOG_COMPILER_GLOBAL_ACCENT_COLOR_NAME = AccentColor;
				CODE_SIGN_ENTITLEMENTS = MPVKitExample/MPVKitExample.entitlements;
				CODE_SIGN_STYLE = Automatic;
				CURRENT_PROJECT_VERSION = 1;
				DEVELOPMENT_ASSET_PATHS = "\"MPVKitExample/Preview Content\"";
				DEVELOPMENT_TEAM = MWRYHVCY93;
				ENABLE_HARDENED_RUNTIME = YES;
				ENABLE_PREVIEWS = YES;
				GENERATE_INFOPLIST_FILE = YES;
				INFOPLIST_FILE = MPVKitExample/Info.plist;
				"INFOPLIST_KEY_UIApplicationSceneManifest_Generation[sdk=iphoneos*]" = YES;
				"INFOPLIST_KEY_UIApplicationSceneManifest_Generation[sdk=iphonesimulator*]" = YES;
				"INFOPLIST_KEY_UIApplicationSupportsIndirectInputEvents[sdk=iphoneos*]" = YES;
				"INFOPLIST_KEY_UIApplicationSupportsIndirectInputEvents[sdk=iphonesimulator*]" = YES;
				"INFOPLIST_KEY_UILaunchScreen_Generation[sdk=iphoneos*]" = YES;
				"INFOPLIST_KEY_UILaunchScreen_Generation[sdk=iphonesimulator*]" = YES;
				"INFOPLIST_KEY_UIStatusBarStyle[sdk=iphoneos*]" = UIStatusBarStyleDefault;
				"INFOPLIST_KEY_UIStatusBarStyle[sdk=iphonesimulator*]" = UIStatusBarStyleDefault;
				INFOPLIST_KEY_UISupportedInterfaceOrientations_iPad = "UIInterfaceOrientationPortrait UIInterfaceOrientationPortraitUpsideDown UIInterfaceOrientationLandscapeLeft UIInterfaceOrientationLandscapeRight";
				INFOPLIST_KEY_UISupportedInterfaceOrientations_iPhone = "UIInterfaceOrientationPortrait UIInterfaceOrientationLandscapeLeft UIInterfaceOrientationLandscapeRight";
				IPHONEOS_DEPLOYMENT_TARGET = 17.0;
				LD_RUNPATH_SEARCH_PATHS = "@executable_path/Frameworks";
				"LD_RUNPATH_SEARCH_PATHS[sdk=macosx*]" = "@executable_path/../Frameworks";
				MACOSX_DEPLOYMENT_TARGET = 14.0;
				MARKETING_VERSION = 1.0;
				PRODUCT_BUNDLE_IDENTIFIER = com.karelrotoed.MPVKitExample;
				PRODUCT_NAME = "$(TARGET_NAME)";
				SDKROOT = auto;
				SUPPORTED_PLATFORMS = "appletvos appletvsimulator iphoneos iphonesimulator macosx";
				SUPPORTS_MACCATALYST = NO;
				SWIFT_EMIT_LOC_STRINGS = YES;
				SWIFT_VERSION = 5.0;
				TARGETED_DEVICE_FAMILY = "1,2,3";
			};
			name = Debug;
		};
		4FC3ADED2AFE4A6C00D71370 /* Release */ = {
			isa = XCBuildConfiguration;
			buildSettings = {
				ASSETCATALOG_COMPILER_APPICON_NAME = AppIcon;
				ASSETCATALOG_COMPILER_GLOBAL_ACCENT_COLOR_NAME = AccentColor;
				CODE_SIGN_ENTITLEMENTS = MPVKitExample/MPVKitExample.entitlements;
				CODE_SIGN_STYLE = Automatic;
				CURRENT_PROJECT_VERSION = 1;
				DEVELOPMENT_ASSET_PATHS = "\"MPVKitExample/Preview Content\"";
				DEVELOPMENT_TEAM = MWRYHVCY93;
				ENABLE_HARDENED_RUNTIME = YES;
				ENABLE_PREVIEWS = YES;
				GENERATE_INFOPLIST_FILE = YES;
				INFOPLIST_FILE = MPVKitExample/Info.plist;
				"INFOPLIST_KEY_UIApplicationSceneManifest_Generation[sdk=iphoneos*]" = YES;
				"INFOPLIST_KEY_UIApplicationSceneManifest_Generation[sdk=iphonesimulator*]" = YES;
				"INFOPLIST_KEY_UIApplicationSupportsIndirectInputEvents[sdk=iphoneos*]" = YES;
				"INFOPLIST_KEY_UIApplicationSupportsIndirectInputEvents[sdk=iphonesimulator*]" = YES;
				"INFOPLIST_KEY_UILaunchScreen_Generation[sdk=iphoneos*]" = YES;
				"INFOPLIST_KEY_UILaunchScreen_Generation[sdk=iphonesimulator*]" = YES;
				"INFOPLIST_KEY_UIStatusBarStyle[sdk=iphoneos*]" = UIStatusBarStyleDefault;
				"INFOPLIST_KEY_UIStatusBarStyle[sdk=iphonesimulator*]" = UIStatusBarStyleDefault;
				INFOPLIST_KEY_UISupportedInterfaceOrientations_iPad = "UIInterfaceOrientationPortrait UIInterfaceOrientationPortraitUpsideDown UIInterfaceOrientationLandscapeLeft UIInterfaceOrientationLandscapeRight";
				INFOPLIST_KEY_UISupportedInterfaceOrientations_iPhone = "UIInterfaceOrientationPortrait UIInterfaceOrientationLandscapeLeft UIInterfaceOrientationLandscapeRight";
				IPHONEOS_DEPLOYMENT_TARGET = 17.0;
				LD_RUNPATH_SEARCH_PATHS = "@executable_path/Frameworks";
				"LD_RUNPATH_SEARCH_PATHS[sdk=macosx*]" = "@executable_path/../Frameworks";
				MACOSX_DEPLOYMENT_TARGET = 14.0;
				MARKETING_VERSION = 1.0;
				PRODUCT_BUNDLE_IDENTIFIER = com.karelrotoed.MPVKitExample;
				PRODUCT_NAME = "$(TARGET_NAME)";
				SDKROOT = auto;
				SUPPORTED_PLATFORMS = "appletvos appletvsimulator iphoneos iphonesimulator macosx";
				SUPPORTS_MACCATALYST = NO;
				SWIFT_EMIT_LOC_STRINGS = YES;
				SWIFT_VERSION = 5.0;
				TARGETED_DEVICE_FAMILY = "1,2,3";
			};
			name = Release;
		};
		4FC3ADEF2AFE4A6C00D71370 /* Debug */ = {
			isa = XCBuildConfiguration;
			buildSettings = {
				ALWAYS_EMBED_SWIFT_STANDARD_LIBRARIES = YES;
				BUNDLE_LOADER = "$(TEST_HOST)";
				CODE_SIGN_STYLE = Automatic;
				CURRENT_PROJECT_VERSION = 1;
				DEVELOPMENT_TEAM = K97929558D;
				GENERATE_INFOPLIST_FILE = YES;
				IPHONEOS_DEPLOYMENT_TARGET = 17.0;
				MACOSX_DEPLOYMENT_TARGET = 14.0;
				MARKETING_VERSION = 1.0;
				PRODUCT_BUNDLE_IDENTIFIER = com.karelrotoed.MPVKitExampleTests;
				PRODUCT_NAME = "$(TARGET_NAME)";
				SDKROOT = auto;
				SUPPORTED_PLATFORMS = "iphoneos iphonesimulator macosx";
				SWIFT_EMIT_LOC_STRINGS = NO;
				SWIFT_VERSION = 5.0;
				TARGETED_DEVICE_FAMILY = "1,2";
				TEST_HOST = "$(BUILT_PRODUCTS_DIR)/MPVKitExample.app/$(BUNDLE_EXECUTABLE_FOLDER_PATH)/MPVKitExample";
			};
			name = Debug;
		};
		4FC3ADF02AFE4A6C00D71370 /* Release */ = {
			isa = XCBuildConfiguration;
			buildSettings = {
				ALWAYS_EMBED_SWIFT_STANDARD_LIBRARIES = YES;
				BUNDLE_LOADER = "$(TEST_HOST)";
				CODE_SIGN_STYLE = Automatic;
				CURRENT_PROJECT_VERSION = 1;
				DEVELOPMENT_TEAM = K97929558D;
				GENERATE_INFOPLIST_FILE = YES;
				IPHONEOS_DEPLOYMENT_TARGET = 17.0;
				MACOSX_DEPLOYMENT_TARGET = 14.0;
				MARKETING_VERSION = 1.0;
				PRODUCT_BUNDLE_IDENTIFIER = com.karelrotoed.MPVKitExampleTests;
				PRODUCT_NAME = "$(TARGET_NAME)";
				SDKROOT = auto;
				SUPPORTED_PLATFORMS = "iphoneos iphonesimulator macosx";
				SWIFT_EMIT_LOC_STRINGS = NO;
				SWIFT_VERSION = 5.0;
				TARGETED_DEVICE_FAMILY = "1,2";
				TEST_HOST = "$(BUILT_PRODUCTS_DIR)/MPVKitExample.app/$(BUNDLE_EXECUTABLE_FOLDER_PATH)/MPVKitExample";
			};
			name = Release;
		};
		4FC3ADF22AFE4A6C00D71370 /* Debug */ = {
			isa = XCBuildConfiguration;
			buildSettings = {
				ALWAYS_EMBED_SWIFT_STANDARD_LIBRARIES = YES;
				CODE_SIGN_STYLE = Automatic;
				CURRENT_PROJECT_VERSION = 1;
				DEVELOPMENT_TEAM = K97929558D;
				GENERATE_INFOPLIST_FILE = YES;
				IPHONEOS_DEPLOYMENT_TARGET = 17.0;
				MACOSX_DEPLOYMENT_TARGET = 14.0;
				MARKETING_VERSION = 1.0;
				PRODUCT_BUNDLE_IDENTIFIER = com.karelrotoed.MPVKitExampleUITests;
				PRODUCT_NAME = "$(TARGET_NAME)";
				SDKROOT = auto;
				SUPPORTED_PLATFORMS = "iphoneos iphonesimulator macosx";
				SWIFT_EMIT_LOC_STRINGS = NO;
				SWIFT_VERSION = 5.0;
				TARGETED_DEVICE_FAMILY = "1,2";
				TEST_TARGET_NAME = MPVKitExample;
			};
			name = Debug;
		};
		4FC3ADF32AFE4A6C00D71370 /* Release */ = {
			isa = XCBuildConfiguration;
			buildSettings = {
				ALWAYS_EMBED_SWIFT_STANDARD_LIBRARIES = YES;
				CODE_SIGN_STYLE = Automatic;
				CURRENT_PROJECT_VERSION = 1;
				DEVELOPMENT_TEAM = K97929558D;
				GENERATE_INFOPLIST_FILE = YES;
				IPHONEOS_DEPLOYMENT_TARGET = 17.0;
				MACOSX_DEPLOYMENT_TARGET = 14.0;
				MARKETING_VERSION = 1.0;
				PRODUCT_BUNDLE_IDENTIFIER = com.karelrotoed.MPVKitExampleUITests;
				PRODUCT_NAME = "$(TARGET_NAME)";
				SDKROOT = auto;
				SUPPORTED_PLATFORMS = "iphoneos iphonesimulator macosx";
				SWIFT_EMIT_LOC_STRINGS = NO;
				SWIFT_VERSION = 5.0;
				TARGETED_DEVICE_FAMILY = "1,2";
				TEST_TARGET_NAME = MPVKitExample;
			};
			name = Release;
		};
/* End XCBuildConfiguration section */

/* Begin XCConfigurationList section */
		4FC3ADC12AFE4A6A00D71370 /* Build configuration list for PBXProject "MPVKitExample" */ = {
			isa = XCConfigurationList;
			buildConfigurations = (
				4FC3ADE92AFE4A6C00D71370 /* Debug */,
				4FC3ADEA2AFE4A6C00D71370 /* Release */,
			);
			defaultConfigurationIsVisible = 0;
			defaultConfigurationName = Release;
		};
		4FC3ADEB2AFE4A6C00D71370 /* Build configuration list for PBXNativeTarget "MPVKitExample" */ = {
			isa = XCConfigurationList;
			buildConfigurations = (
				4FC3ADEC2AFE4A6C00D71370 /* Debug */,
				4FC3ADED2AFE4A6C00D71370 /* Release */,
			);
			defaultConfigurationIsVisible = 0;
			defaultConfigurationName = Release;
		};
		4FC3ADEE2AFE4A6C00D71370 /* Build configuration list for PBXNativeTarget "MPVKitExampleTests" */ = {
			isa = XCConfigurationList;
			buildConfigurations = (
				4FC3ADEF2AFE4A6C00D71370 /* Debug */,
				4FC3ADF02AFE4A6C00D71370 /* Release */,
			);
			defaultConfigurationIsVisible = 0;
			defaultConfigurationName = Release;
		};
		4FC3ADF12AFE4A6C00D71370 /* Build configuration list for PBXNativeTarget "MPVKitExampleUITests" */ = {
			isa = XCConfigurationList;
			buildConfigurations = (
				4FC3ADF22AFE4A6C00D71370 /* Debug */,
				4FC3ADF32AFE4A6C00D71370 /* Release */,
			);
			defaultConfigurationIsVisible = 0;
			defaultConfigurationName = Release;
		};
/* End XCConfigurationList section */

/* Begin XCRemoteSwiftPackageReference section */
		4F86B4ED2B2DDA4100032658 /* XCRemoteSwiftPackageReference "MPVKit" */ = {
			isa = XCRemoteSwiftPackageReference;
			repositoryURL = "https://github.com/karelrooted/MPVKit.git";
			requirement = {
				branch = main;
				kind = branch;
			};
		};
/* End XCRemoteSwiftPackageReference section */

/* Begin XCSwiftPackageProductDependency section */
		4F86B4EA2B2DD3E600032658 /* MPVKit */ = {
			isa = XCSwiftPackageProductDependency;
			productName = MPVKit;
		};
		4F86B4EE2B2DDA4100032658 /* MPVKit */ = {
			isa = XCSwiftPackageProductDependency;
			package = 4F86B4ED2B2DDA4100032658 /* XCRemoteSwiftPackageReference "MPVKit" */;
			productName = MPVKit;
		};
		4FC3ADF52AFE4AFC00D71370 /* MPVKit */ = {
			isa = XCSwiftPackageProductDependency;
			productName = MPVKit;
		};
/* End XCSwiftPackageProductDependency section */
	};
	rootObject = 4FC3ADBE2AFE4A6A00D71370 /* Project object */;
}
